
Microsoft Visual Studio Solution File, Format Version 12.00
# Visual Studio 2012
Project("{FAE04EC0-301F-11D3-BF4B-00C04F79EFBC}") = "AppGest.Datos", "AppGest.Datos\AppGest.Datos.csproj", "{F5D3EE85-A8BC-43C4-80ED-310BE21F2695}"
EndProject
Project("{FAE04EC0-301F-11D3-BF4B-00C04F79EFBC}") = "AppGest.Negocio", "AppGest.Negocio\AppGest.Negocio.csproj", "{5870491A-722E-44A9-B2B2-95A54CF634A0}"
EndProject
Project("{FAE04EC0-301F-11D3-BF4B-00C04F79EFBC}") = "AppGest", "AppGest\AppGest.csproj", "{88AC61E1-24F4-4EA5-BB92-6B115E967830}"
EndProject
Project("{FAE04EC0-301F-11D3-BF4B-00C04F79EFBC}") = "AppGest.Util", "AppGest.Util\AppGest.Util.csproj", "{2D0BD067-C716-4FFF-ABA5-734C6166882D}"
EndProject
Project("{F14B399A-7131-4C87-9E4B-1186C45EF12D}") = "AppGest.Reportes", "AppGest.Reportes\AppGest.Reportes\AppGest.Reportes.rptproj", "{3AECAB1E-7B8B-42E1-9208-864AF94FDF8B}"
EndProject
Global
	GlobalSection(SubversionScc) = preSolution
		Svn-Managed = True
		Manager = AnkhSVN - Subversion Support for Visual Studio
	EndGlobalSection
	GlobalSection(SolutionConfigurationPlatforms) = preSolution
		Debug|Any CPU = Debug|Any CPU
		Debug|x86 = Debug|x86
		DebugLocal|Any CPU = DebugLocal|Any CPU
		DebugLocal|x86 = DebugLocal|x86
		Development|Any CPU = Development|Any CPU
		Development|x86 = Development|x86
		Release|Any CPU = Release|Any CPU
		Release|x86 = Release|x86
	EndGlobalSection
	GlobalSection(ProjectConfigurationPlatforms) = postSolution
		{F5D3EE85-A8BC-43C4-80ED-310BE21F2695}.Debug|Any CPU.ActiveCfg = Debug|Any CPU
		{F5D3EE85-A8BC-43C4-80ED-310BE21F2695}.Debug|Any CPU.Build.0 = Debug|Any CPU
		{F5D3EE85-A8BC-43C4-80ED-310BE21F2695}.Debug|x86.ActiveCfg = Debug|Any CPU
		{F5D3EE85-A8BC-43C4-80ED-310BE21F2695}.DebugLocal|Any CPU.ActiveCfg = Debug|Any CPU
		{F5D3EE85-A8BC-43C4-80ED-310BE21F2695}.DebugLocal|Any CPU.Build.0 = Debug|Any CPU
		{F5D3EE85-A8BC-43C4-80ED-310BE21F2695}.DebugLocal|x86.ActiveCfg = Debug|Any CPU
		{F5D3EE85-A8BC-43C4-80ED-310BE21F2695}.Development|Any CPU.ActiveCfg = Debug|Any CPU
		{F5D3EE85-A8BC-43C4-80ED-310BE21F2695}.Development|Any CPU.Build.0 = Debug|Any CPU
		{F5D3EE85-A8BC-43C4-80ED-310BE21F2695}.Development|x86.ActiveCfg = Debug|Any CPU
		{F5D3EE85-A8BC-43C4-80ED-310BE21F2695}.Release|Any CPU.ActiveCfg = Release|Any CPU
		{F5D3EE85-A8BC-43C4-80ED-310BE21F2695}.Release|Any CPU.Build.0 = Release|Any CPU
		{F5D3EE85-A8BC-43C4-80ED-310BE21F2695}.Release|x86.ActiveCfg = Release|Any CPU
		{5870491A-722E-44A9-B2B2-95A54CF634A0}.Debug|Any CPU.ActiveCfg = Debug|Any CPU
		{5870491A-722E-44A9-B2B2-95A54CF634A0}.Debug|Any CPU.Build.0 = Debug|Any CPU
		{5870491A-722E-44A9-B2B2-95A54CF634A0}.Debug|x86.ActiveCfg = Debug|Any CPU
		{5870491A-722E-44A9-B2B2-95A54CF634A0}.DebugLocal|Any CPU.ActiveCfg = Debug|Any CPU
		{5870491A-722E-44A9-B2B2-95A54CF634A0}.DebugLocal|Any CPU.Build.0 = Debug|Any CPU
		{5870491A-722E-44A9-B2B2-95A54CF634A0}.DebugLocal|x86.ActiveCfg = Debug|Any CPU
		{5870491A-722E-44A9-B2B2-95A54CF634A0}.Development|Any CPU.ActiveCfg = Debug|Any CPU
		{5870491A-722E-44A9-B2B2-95A54CF634A0}.Development|Any CPU.Build.0 = Debug|Any CPU
		{5870491A-722E-44A9-B2B2-95A54CF634A0}.Development|x86.ActiveCfg = Debug|Any CPU
		{5870491A-722E-44A9-B2B2-95A54CF634A0}.Release|Any CPU.ActiveCfg = Release|Any CPU
		{5870491A-722E-44A9-B2B2-95A54CF634A0}.Release|Any CPU.Build.0 = Release|Any CPU
		{5870491A-722E-44A9-B2B2-95A54CF634A0}.Release|x86.ActiveCfg = Release|Any CPU
		{88AC61E1-24F4-4EA5-BB92-6B115E967830}.Debug|Any CPU.ActiveCfg = Debug|Any CPU
		{88AC61E1-24F4-4EA5-BB92-6B115E967830}.Debug|Any CPU.Build.0 = Debug|Any CPU
		{88AC61E1-24F4-4EA5-BB92-6B115E967830}.Debug|x86.ActiveCfg = Debug|Any CPU
		{88AC61E1-24F4-4EA5-BB92-6B115E967830}.DebugLocal|Any CPU.ActiveCfg = Debug|Any CPU
		{88AC61E1-24F4-4EA5-BB92-6B115E967830}.DebugLocal|Any CPU.Build.0 = Debug|Any CPU
		{88AC61E1-24F4-4EA5-BB92-6B115E967830}.DebugLocal|x86.ActiveCfg = Debug|Any CPU
		{88AC61E1-24F4-4EA5-BB92-6B115E967830}.Development|Any CPU.ActiveCfg = Debug|Any CPU
		{88AC61E1-24F4-4EA5-BB92-6B115E967830}.Development|Any CPU.Build.0 = Debug|Any CPU
		{88AC61E1-24F4-4EA5-BB92-6B115E967830}.Development|x86.ActiveCfg = Debug|Any CPU
		{88AC61E1-24F4-4EA5-BB92-6B115E967830}.Release|Any CPU.ActiveCfg = Release|Any CPU
		{88AC61E1-24F4-4EA5-BB92-6B115E967830}.Release|Any CPU.Build.0 = Release|Any CPU
		{88AC61E1-24F4-4EA5-BB92-6B115E967830}.Release|x86.ActiveCfg = Release|Any CPU
		{2D0BD067-C716-4FFF-ABA5-734C6166882D}.Debug|Any CPU.ActiveCfg = Debug|Any CPU
		{2D0BD067-C716-4FFF-ABA5-734C6166882D}.Debug|Any CPU.Build.0 = Debug|Any CPU
		{2D0BD067-C716-4FFF-ABA5-734C6166882D}.Debug|x86.ActiveCfg = Debug|Any CPU
		{2D0BD067-C716-4FFF-ABA5-734C6166882D}.DebugLocal|Any CPU.ActiveCfg = Debug|Any CPU
		{2D0BD067-C716-4FFF-ABA5-734C6166882D}.DebugLocal|Any CPU.Build.0 = Debug|Any CPU
		{2D0BD067-C716-4FFF-ABA5-734C6166882D}.DebugLocal|x86.ActiveCfg = Debug|Any CPU
		{2D0BD067-C716-4FFF-ABA5-734C6166882D}.Development|Any CPU.ActiveCfg = Debug|Any CPU
		{2D0BD067-C716-4FFF-ABA5-734C6166882D}.Development|Any CPU.Build.0 = Debug|Any CPU
		{2D0BD067-C716-4FFF-ABA5-734C6166882D}.Development|x86.ActiveCfg = Debug|Any CPU
		{2D0BD067-C716-4FFF-ABA5-734C6166882D}.Release|Any CPU.ActiveCfg = Release|Any CPU
		{2D0BD067-C716-4FFF-ABA5-734C6166882D}.Release|Any CPU.Build.0 = Release|Any CPU
		{2D0BD067-C716-4FFF-ABA5-734C6166882D}.Release|x86.ActiveCfg = Release|Any CPU
		{3AECAB1E-7B8B-42E1-9208-864AF94FDF8B}.Debug|Any CPU.ActiveCfg = DebugLocal
		{3AECAB1E-7B8B-42E1-9208-864AF94FDF8B}.Debug|Any CPU.Build.0 = DebugLocal
		{3AECAB1E-7B8B-42E1-9208-864AF94FDF8B}.Debug|x86.ActiveCfg = DebugLocal
		{3AECAB1E-7B8B-42E1-9208-864AF94FDF8B}.Debug|x86.Build.0 = DebugLocal
		{3AECAB1E-7B8B-42E1-9208-864AF94FDF8B}.Debug|x86.Deploy.0 = DebugLocal
		{3AECAB1E-7B8B-42E1-9208-864AF94FDF8B}.DebugLocal|Any CPU.ActiveCfg = DebugLocal
		{3AECAB1E-7B8B-42E1-9208-864AF94FDF8B}.DebugLocal|Any CPU.Build.0 = DebugLocal
		{3AECAB1E-7B8B-42E1-9208-864AF94FDF8B}.DebugLocal|Any CPU.Deploy.0 = DebugLocal
		{3AECAB1E-7B8B-42E1-9208-864AF94FDF8B}.DebugLocal|x86.ActiveCfg = DebugLocal
		{3AECAB1E-7B8B-42E1-9208-864AF94FDF8B}.DebugLocal|x86.Build.0 = DebugLocal
		{3AECAB1E-7B8B-42E1-9208-864AF94FDF8B}.DebugLocal|x86.Deploy.0 = DebugLocal
		{3AECAB1E-7B8B-42E1-9208-864AF94FDF8B}.Development|Any CPU.ActiveCfg = DebugLocal
		{3AECAB1E-7B8B-42E1-9208-864AF94FDF8B}.Development|Any CPU.Build.0 = DebugLocal
		{3AECAB1E-7B8B-42E1-9208-864AF94FDF8B}.Development|Any CPU.Deploy.0 = DebugLocal
		{3AECAB1E-7B8B-42E1-9208-864AF94FDF8B}.Development|x86.ActiveCfg = DebugLocal
		{3AECAB1E-7B8B-42E1-9208-864AF94FDF8B}.Development|x86.Build.0 = DebugLocal
		{3AECAB1E-7B8B-42E1-9208-864AF94FDF8B}.Development|x86.Deploy.0 = DebugLocal
		{3AECAB1E-7B8B-42E1-9208-864AF94FDF8B}.Release|Any CPU.ActiveCfg = Release
		{3AECAB1E-7B8B-42E1-9208-864AF94FDF8B}.Release|Any CPU.Build.0 = Release
		{3AECAB1E-7B8B-42E1-9208-864AF94FDF8B}.Release|x86.ActiveCfg = Release
		{3AECAB1E-7B8B-42E1-9208-864AF94FDF8B}.Release|x86.Build.0 = Release
		{3AECAB1E-7B8B-42E1-9208-864AF94FDF8B}.Release|x86.Deploy.0 = Release
	EndGlobalSection
	GlobalSection(SolutionProperties) = preSolution
		HideSolutionNode = FALSE
	EndGlobalSection
	GlobalSection(ExtensibilityGlobals) = postSolution
		EnterpriseLibraryConfigurationToolBinariesPath = packages\Unity.2.1.505.2\lib\NET35;packages\Unity.Interception.2.1.505.2\lib\NET35
	EndGlobalSection
EndGlobal
